
Microsoft Visual Studio Solution File, Format Version 12.00
# Visual Studio Version 17
VisualStudioVersion = 17.0.31903.59
MinimumVisualStudioVersion = 10.0.40219.1
Project("{FAE04EC0-301F-11D3-BF4B-00C04F79EFBC}") = "Core", "Core\Core.csproj", "{2897601A-17CF-4BC3-B1E5-3B1B6072E168}"
EndProject
Project("{FAE04EC0-301F-11D3-BF4B-00C04F79EFBC}") = "Server", "Server\Server.csproj", "{DD47E026-91BA-44A7-A2D3-24EB4A29462F}"
EndProject
Project("{2150E333-8FDC-42A3-9474-1A3956D46DE8}") = "Plugins", "Plugins", "{07D57EEB-2F50-60C4-C011-FE4FA775C9A8}"
EndProject
Project("{FAE04EC0-301F-11D3-BF4B-00C04F79EFBC}") = "Users", "Plugins\Users\Users.csproj", "{C4BD62CE-88CE-4592-8B54-9A08A16F1134}"
EndProject
Project("{FAE04EC0-301F-11D3-BF4B-00C04F79EFBC}") = "Proxy", "Proxy\Proxy.csproj", "{0A86AB1E-BD17-484E-80F2-CFE1A4DDD251}"
EndProject
Project("{FAE04EC0-301F-11D3-BF4B-00C04F79EFBC}") = "BuildTasks", "BuildTasks\BuildTasks.csproj", "{9DC4C25F-89F3-4042-8FD0-3CB390F16187}"
EndProject
Global
	GlobalSection(SolutionConfigurationPlatforms) = preSolution
		Debug|Any CPU = Debug|Any CPU
		Debug|x64 = Debug|x64
		Debug|x86 = Debug|x86
		Release|Any CPU = Release|Any CPU
		Release|x64 = Release|x64
		Release|x86 = Release|x86
	EndGlobalSection
	GlobalSection(ProjectConfigurationPlatforms) = postSolution
		{2897601A-17CF-4BC3-B1E5-3B1B6072E168}.Debug|Any CPU.ActiveCfg = Debug|Any CPU
		{2897601A-17CF-4BC3-B1E5-3B1B6072E168}.Debug|Any CPU.Build.0 = Debug|Any CPU
		{2897601A-17CF-4BC3-B1E5-3B1B6072E168}.Debug|x64.ActiveCfg = Debug|Any CPU
		{2897601A-17CF-4BC3-B1E5-3B1B6072E168}.Debug|x64.Build.0 = Debug|Any CPU
		{2897601A-17CF-4BC3-B1E5-3B1B6072E168}.Debug|x86.ActiveCfg = Debug|Any CPU
		{2897601A-17CF-4BC3-B1E5-3B1B6072E168}.Debug|x86.Build.0 = Debug|Any CPU
		{2897601A-17CF-4BC3-B1E5-3B1B6072E168}.Release|Any CPU.ActiveCfg = Release|Any CPU
		{2897601A-17CF-4BC3-B1E5-3B1B6072E168}.Release|Any CPU.Build.0 = Release|Any CPU
		{2897601A-17CF-4BC3-B1E5-3B1B6072E168}.Release|x64.ActiveCfg = Release|Any CPU
		{2897601A-17CF-4BC3-B1E5-3B1B6072E168}.Release|x64.Build.0 = Release|Any CPU
		{2897601A-17CF-4BC3-B1E5-3B1B6072E168}.Release|x86.ActiveCfg = Release|Any CPU
		{2897601A-17CF-4BC3-B1E5-3B1B6072E168}.Release|x86.Build.0 = Release|Any CPU
		{DD47E026-91BA-44A7-A2D3-24EB4A29462F}.Debug|Any CPU.ActiveCfg = Debug|Any CPU
		{DD47E026-91BA-44A7-A2D3-24EB4A29462F}.Debug|Any CPU.Build.0 = Debug|Any CPU
		{DD47E026-91BA-44A7-A2D3-24EB4A29462F}.Debug|x64.ActiveCfg = Debug|Any CPU
		{DD47E026-91BA-44A7-A2D3-24EB4A29462F}.Debug|x64.Build.0 = Debug|Any CPU
		{DD47E026-91BA-44A7-A2D3-24EB4A29462F}.Debug|x86.ActiveCfg = Debug|Any CPU
		{DD47E026-91BA-44A7-A2D3-24EB4A29462F}.Debug|x86.Build.0 = Debug|Any CPU
		{DD47E026-91BA-44A7-A2D3-24EB4A29462F}.Release|Any CPU.ActiveCfg = Release|Any CPU
		{DD47E026-91BA-44A7-A2D3-24EB4A29462F}.Release|Any CPU.Build.0 = Release|Any CPU
		{DD47E026-91BA-44A7-A2D3-24EB4A29462F}.Release|x64.ActiveCfg = Release|Any CPU
		{DD47E026-91BA-44A7-A2D3-24EB4A29462F}.Release|x64.Build.0 = Release|Any CPU
		{DD47E026-91BA-44A7-A2D3-24EB4A29462F}.Release|x86.ActiveCfg = Release|Any CPU
		{DD47E026-91BA-44A7-A2D3-24EB4A29462F}.Release|x86.Build.0 = Release|Any CPU
		{C4BD62CE-88CE-4592-8B54-9A08A16F1134}.Debug|Any CPU.ActiveCfg = Debug|Any CPU
		{C4BD62CE-88CE-4592-8B54-9A08A16F1134}.Debug|Any CPU.Build.0 = Debug|Any CPU
		{C4BD62CE-88CE-4592-8B54-9A08A16F1134}.Debug|x64.ActiveCfg = Debug|Any CPU
		{C4BD62CE-88CE-4592-8B54-9A08A16F1134}.Debug|x64.Build.0 = Debug|Any CPU
		{C4BD62CE-88CE-4592-8B54-9A08A16F1134}.Debug|x86.ActiveCfg = Debug|Any CPU
		{C4BD62CE-88CE-4592-8B54-9A08A16F1134}.Debug|x86.Build.0 = Debug|Any CPU
		{C4BD62CE-88CE-4592-8B54-9A08A16F1134}.Release|Any CPU.ActiveCfg = Release|Any CPU
		{C4BD62CE-88CE-4592-8B54-9A08A16F1134}.Release|Any CPU.Build.0 = Release|Any CPU
		{C4BD62CE-88CE-4592-8B54-9A08A16F1134}.Release|x64.ActiveCfg = Release|Any CPU
		{C4BD62CE-88CE-4592-8B54-9A08A16F1134}.Release|x64.Build.0 = Release|Any CPU
		{C4BD62CE-88CE-4592-8B54-9A08A16F1134}.Release|x86.ActiveCfg = Release|Any CPU
		{C4BD62CE-88CE-4592-8B54-9A08A16F1134}.Release|x86.Build.0 = Release|Any CPU
		{0A86AB1E-BD17-484E-80F2-CFE1A4DDD251}.Debug|Any CPU.ActiveCfg = Debug|Any CPU
		{0A86AB1E-BD17-484E-80F2-CFE1A4DDD251}.Debug|Any CPU.Build.0 = Debug|Any CPU
		{0A86AB1E-BD17-484E-80F2-CFE1A4DDD251}.Debug|x64.ActiveCfg = Debug|Any CPU
		{0A86AB1E-BD17-484E-80F2-CFE1A4DDD251}.Debug|x64.Build.0 = Debug|Any CPU
		{0A86AB1E-BD17-484E-80F2-CFE1A4DDD251}.Debug|x86.ActiveCfg = Debug|Any CPU
		{0A86AB1E-BD17-484E-80F2-CFE1A4DDD251}.Debug|x86.Build.0 = Debug|Any CPU
		{0A86AB1E-BD17-484E-80F2-CFE1A4DDD251}.Release|Any CPU.ActiveCfg = Release|Any CPU
		{0A86AB1E-BD17-484E-80F2-CFE1A4DDD251}.Release|Any CPU.Build.0 = Release|Any CPU
		{0A86AB1E-BD17-484E-80F2-CFE1A4DDD251}.Release|x64.ActiveCfg = Release|Any CPU
		{0A86AB1E-BD17-484E-80F2-CFE1A4DDD251}.Release|x64.Build.0 = Release|Any CPU
		{0A86AB1E-BD17-484E-80F2-CFE1A4DDD251}.Release|x86.ActiveCfg = Release|Any CPU
		{0A86AB1E-BD17-484E-80F2-CFE1A4DDD251}.Release|x86.Build.0 = Release|Any CPU
		{9DC4C25F-89F3-4042-8FD0-3CB390F16187}.Debug|Any CPU.ActiveCfg = Debug|Any CPU
		{9DC4C25F-89F3-4042-8FD0-3CB390F16187}.Debug|Any CPU.Build.0 = Debug|Any CPU
		{9DC4C25F-89F3-4042-8FD0-3CB390F16187}.Debug|x64.ActiveCfg = Debug|Any CPU
		{9DC4C25F-89F3-4042-8FD0-3CB390F16187}.Debug|x64.Build.0 = Debug|Any CPU
		{9DC4C25F-89F3-4042-8FD0-3CB390F16187}.Debug|x86.ActiveCfg = Debug|Any CPU
		{9DC4C25F-89F3-4042-8FD0-3CB390F16187}.Debug|x86.Build.0 = Debug|Any CPU
		{9DC4C25F-89F3-4042-8FD0-3CB390F16187}.Release|Any CPU.ActiveCfg = Release|Any CPU
		{9DC4C25F-89F3-4042-8FD0-3CB390F16187}.Release|Any CPU.Build.0 = Release|Any CPU
		{9DC4C25F-89F3-4042-8FD0-3CB390F16187}.Release|x64.ActiveCfg = Release|Any CPU
		{9DC4C25F-89F3-4042-8FD0-3CB390F16187}.Release|x64.Build.0 = Release|Any CPU
		{9DC4C25F-89F3-4042-8FD0-3CB390F16187}.Release|x86.ActiveCfg = Release|Any CPU
		{9DC4C25F-89F3-4042-8FD0-3CB390F16187}.Release|x86.Build.0 = Release|Any CPU
	EndGlobalSection
	GlobalSection(SolutionProperties) = preSolution
		HideSolutionNode = FALSE
	EndGlobalSection
	GlobalSection(NestedProjects) = preSolution
		{C4BD62CE-88CE-4592-8B54-9A08A16F1134} = {07D57EEB-2F50-60C4-C011-FE4FA775C9A8}
	EndGlobalSection
EndGlobal
